
Microsoft Visual Studio Solution File, Format Version 12.00
# Visual Studio Version 17
VisualStudioVersion = 17.1.32210.238
MinimumVisualStudioVersion = 10.0.40219.1
Project("{FAE04EC0-301F-11D3-BF4B-00C04F79EFBC}") = "SQLBulkInsert", "SQLBulkInsert\SQLBulkInsert.csproj", "{A79A56C1-8AAC-4D8E-9B16-C8D2016BD50D}"
EndProject
Global
	GlobalSection(SolutionConfigurationPlatforms) = preSolution
		Debug|Any CPU = Debug|Any CPU
		Release|Any CPU = Release|Any CPU
	EndGlobalSection
	GlobalSection(ProjectConfigurationPlatforms) = postSolution
		{A79A56C1-8AAC-4D8E-9B16-C8D2016BD50D}.Debug|Any CPU.ActiveCfg = Debug|Any CPU
		{A79A56C1-8AAC-4D8E-9B16-C8D2016BD50D}.Debug|Any CPU.Build.0 = Debug|Any CPU
		{A79A56C1-8AAC-4D8E-9B16-C8D2016BD50D}.Release|Any CPU.ActiveCfg = Release|Any CPU
		{A79A56C1-8AAC-4D8E-9B16-C8D2016BD50D}.Release|Any CPU.Build.0 = Release|Any CPU
	EndGlobalSection
	GlobalSection(SolutionProperties) = preSolution
		HideSolutionNode = FALSE
	EndGlobalSection
	GlobalSection(ExtensibilityGlobals) = postSolution
		SolutionGuid = {05602865-298A-4FD3-B5E2-ECF0828734CC}
	EndGlobalSection
EndGlobal
